
Microsoft Visual Studio Solution File, Format Version 12.00
# Visual Studio Version 16
VisualStudioVersion = 16.0.31424.327
MinimumVisualStudioVersion = 10.0.40219.1
Project("{FAE04EC0-301F-11D3-BF4B-00C04F79EFBC}") = "SimpleCalculator", "SimpleCalculator\SimpleCalculator.csproj", "{1F92E2DD-7C36-4778-90D7-AB3333C89014}"
EndProject
Global
	GlobalSection(SolutionConfigurationPlatforms) = preSolution
		Debug|Any CPU = Debug|Any CPU
		Release|Any CPU = Release|Any CPU
	EndGlobalSection
	GlobalSection(ProjectConfigurationPlatforms) = postSolution
		{1F92E2DD-7C36-4778-90D7-AB3333C89014}.Debug|Any CPU.ActiveCfg = Debug|Any CPU
		{1F92E2DD-7C36-4778-90D7-AB3333C89014}.Debug|Any CPU.Build.0 = Debug|Any CPU
		{1F92E2DD-7C36-4778-90D7-AB3333C89014}.Release|Any CPU.ActiveCfg = Release|Any CPU
		{1F92E2DD-7C36-4778-90D7-AB3333C89014}.Release|Any CPU.Build.0 = Release|Any CPU
	EndGlobalSection
	GlobalSection(SolutionProperties) = preSolution
		HideSolutionNode = FALSE
	EndGlobalSection
	GlobalSection(ExtensibilityGlobals) = postSolution
		SolutionGuid = {BCD5F4EA-C6B7-4F4A-9057-928A93013C3F}
	EndGlobalSection
EndGlobal
